{
  "name": "nmc",
  "version": "0.0.1",
  "lockfileVersion": 3,
  "requires": true,
  "packages": {
    "": {
      "name": "nmc",
      "version": "0.0.1",
      "license": "ISC",
      "dependencies": {
        "colors-cli": "^1.0.32",
        "get-folder-size": "^2.0.1",
        "loading-cli": "^1.1.1",
        "minimist": "^1.2.8"
      }
    },
    "node_modules/colors-cli": {
      "version": "1.0.32",
      "resolved": "https://registry.npmjs.org/colors-cli/-/colors-cli-1.0.32.tgz",
      "integrity": "sha512-zHMwyBeZ1PEo1sm11JA2SFw5/+5AB0aRBmQZbO8qOZ0bCeDEpoJDe+UZbG/oICiQ9/m6vLBd/3GASAP9GfSkwA==",
      "bin": {
        "colors": "bin/colors"
      }
    },
    "node_modules/gar": {
      "version": "1.0.4",
      "resolved": "https://registry.npmjs.org/gar/-/gar-1.0.4.tgz",
      "integrity": "sha512-w4n9cPWyP7aHxKxYHFQMegj7WIAsL/YX/C4Bs5Rr8s1H9M1rNtRWRsw+ovYMkXDQ5S4ZbYHsHAPmevPjPgw44w=="
    },
    "node_modules/get-folder-size": {
      "version": "2.0.1",
      "resolved": "https://registry.npmjs.org/get-folder-size/-/get-folder-size-2.0.1.tgz",
      "integrity": "sha512-+CEb+GDCM7tkOS2wdMKTn9vU7DgnKUTuDlehkNJKNSovdCOVxs14OfKCk4cvSaR3za4gj+OBdl9opPN9xrJ0zA==",
      "dependencies": {
        "gar": "^1.0.4",
        "tiny-each-async": "2.0.3"
      },
      "bin": {
        "get-folder-size": "bin/get-folder-size"
      }
    },
    "node_modules/loading-cli": {
      "version": "1.1.1",
      "resolved": "https://registry.npmjs.org/loading-cli/-/loading-cli-1.1.1.tgz",
      "integrity": "sha512-FAPjdC4M9hDBcnRbYBym4/DZjQ9WIEVaj1+lM3YUJvcZU3EhtowOP5vrRnjZ92V4KvaAqvoaSP+dv0N2jRFrVw==",
      "dependencies": {
        "colors-cli": "^1.0.26"
      }
    },
    "node_modules/minimist": {
      "version": "1.2.8",
      "resolved": "https://registry.npmjs.org/minimist/-/minimist-1.2.8.tgz",
      "integrity": "sha512-2yyAR8qBkN3YuheJanUpWC5U3bb5osDywNB8RzDVlDwDHbocAJveqqj1u8+SVD7jkWT4yvsHCpWqqWqAxb0zCA==",
      "funding": {
        "url": "https://github.com/sponsors/ljharb"
      }
    },
    "node_modules/tiny-each-async": {
      "version": "2.0.3",
      "resolved": "https://registry.npmjs.org/tiny-each-async/-/tiny-each-async-2.0.3.tgz",
      "integrity": "sha512-5ROII7nElnAirvFn8g7H7MtpfV1daMcyfTGQwsn/x2VtyV+VPiO5CjReCJtWLvoKTDEDmZocf3cNPraiMnBXLA=="
    }
  }
}
